// !$*UTF8*$!
{
	archiveVersion = 1;
	classes = {
	};
	objectVersion = 46;
	objects = {

/* Begin PBXBuildFile section */
		36EBC05917E5488736DAB25A /* DefaultEntityManager.cpp in Sources */ = {isa = PBXBuildFile; fileRef = 36EBCE2C76505848506352FD /* DefaultEntityManager.cpp */; };
		36EBC164A9AEEE21CE541720 /* TestComponent.cpp in Sources */ = {isa = PBXBuildFile; fileRef = 36EBC3A86ED8FA9C95B6CC81 /* TestComponent.cpp */; };
		36EBC3E223511E8D206A85B2 /* EntityManagerInterface.cpp in Sources */ = {isa = PBXBuildFile; fileRef = 36EBC1B0204F5839BB1FD189 /* EntityManagerInterface.cpp */; };
		36EBC433445387852C307C53 /* ObjectsHolder.cpp in Sources */ = {isa = PBXBuildFile; fileRef = 36EBC35DD157E54440FE2B1C /* ObjectsHolder.cpp */; };
		36EBC6C41CAF4AE1C6B7D208 /* ServiceContainer.cpp in Sources */ = {isa = PBXBuildFile; fileRef = 36EBC7BF32936A815A069833 /* ServiceContainer.cpp */; };
		36EBC75895C93CF155902698 /* EntityManagerException.cpp in Sources */ = {isa = PBXBuildFile; fileRef = 36EBC090F9EFDA2B88ED48E6 /* EntityManagerException.cpp */; };
		36EBC8D1A1CAAB2EA17CD609 /* ComponentSystem.cpp in Sources */ = {isa = PBXBuildFile; fileRef = 36EBC01AD56E5ECD3451FFA7 /* ComponentSystem.cpp */; };
		36EBC8EF66C00487B30CD9CA /* ServiceInterface.cpp in Sources */ = {isa = PBXBuildFile; fileRef = 36EBC8D599A9C068F8728DA1 /* ServiceInterface.cpp */; };
		36EBC9F8198B72F4E6C67667 /* Entity.cpp in Sources */ = {isa = PBXBuildFile; fileRef = 36EBC532801DCB58DC640F2C /* Entity.cpp */; };
		36EBCCFB868F0F66E3A158AF /* ComponentSystemInterface.cpp in Sources */ = {isa = PBXBuildFile; fileRef = 36EBC040CC23BA159945F1C9 /* ComponentSystemInterface.cpp */; };
		36EBCF81EDA22BE8C7100BF4 /* ComponentInterface.cpp in Sources */ = {isa = PBXBuildFile; fileRef = 36EBC892ECB696F61F125E02 /* ComponentInterface.cpp */; };
		CEB8273B174F532A00155B03 /* main.cpp in Sources */ = {isa = PBXBuildFile; fileRef = CEB8273A174F532A00155B03 /* main.cpp */; };
		CEB8273D174F532A00155B03 /* MyFirstProject.1 in CopyFiles */ = {isa = PBXBuildFile; fileRef = CEB8273C174F532A00155B03 /* MyFirstProject.1 */; };
/* End PBXBuildFile section */

/* Begin PBXCopyFilesBuildPhase section */
		CEB82735174F532A00155B03 /* CopyFiles */ = {
			isa = PBXCopyFilesBuildPhase;
			buildActionMask = 2147483647;
			dstPath = /usr/share/man/man1/;
			dstSubfolderSpec = 0;
			files = (
				CEB8273D174F532A00155B03 /* MyFirstProject.1 in CopyFiles */,
			);
			runOnlyForDeploymentPostprocessing = 1;
		};
/* End PBXCopyFilesBuildPhase section */

/* Begin PBXFileReference section */
		36EBC01AD56E5ECD3451FFA7 /* ComponentSystem.cpp */ = {isa = PBXFileReference; fileEncoding = 4; lastKnownFileType = sourcecode.cpp.cpp; path = ComponentSystem.cpp; sourceTree = "<group>"; };
		36EBC040CC23BA159945F1C9 /* ComponentSystemInterface.cpp */ = {isa = PBXFileReference; fileEncoding = 4; lastKnownFileType = sourcecode.cpp.cpp; path = ComponentSystemInterface.cpp; sourceTree = "<group>"; };
		36EBC090F9EFDA2B88ED48E6 /* EntityManagerException.cpp */ = {isa = PBXFileReference; fileEncoding = 4; lastKnownFileType = sourcecode.cpp.cpp; path = EntityManagerException.cpp; sourceTree = "<group>"; };
		36EBC09C0D09DF5A82C0527B /* TestComponent.h */ = {isa = PBXFileReference; fileEncoding = 4; lastKnownFileType = sourcecode.c.h; path = TestComponent.h; sourceTree = "<group>"; };
		36EBC0DEC67622CFF9F96A75 /* Entity.h */ = {isa = PBXFileReference; fileEncoding = 4; lastKnownFileType = sourcecode.c.h; path = Entity.h; sourceTree = "<group>"; };
		36EBC1B0204F5839BB1FD189 /* EntityManagerInterface.cpp */ = {isa = PBXFileReference; fileEncoding = 4; lastKnownFileType = sourcecode.cpp.cpp; path = EntityManagerInterface.cpp; sourceTree = "<group>"; };
		36EBC29B17E0C8491132A2DE /* ServiceInterface.h */ = {isa = PBXFileReference; fileEncoding = 4; lastKnownFileType = sourcecode.c.h; path = ServiceInterface.h; sourceTree = "<group>"; };
		36EBC2BC632CB02892A7590A /* DefaultEntityManager.h */ = {isa = PBXFileReference; fileEncoding = 4; lastKnownFileType = sourcecode.c.h; path = DefaultEntityManager.h; sourceTree = "<group>"; };
		36EBC35DD157E54440FE2B1C /* ObjectsHolder.cpp */ = {isa = PBXFileReference; fileEncoding = 4; lastKnownFileType = sourcecode.cpp.cpp; path = ObjectsHolder.cpp; sourceTree = "<group>"; };
		36EBC3A86ED8FA9C95B6CC81 /* TestComponent.cpp */ = {isa = PBXFileReference; fileEncoding = 4; lastKnownFileType = sourcecode.cpp.cpp; path = TestComponent.cpp; sourceTree = "<group>"; };
		36EBC42D54CD91123C25A8BA /* ComponentSystemInterface.h */ = {isa = PBXFileReference; fileEncoding = 4; lastKnownFileType = sourcecode.c.h; path = ComponentSystemInterface.h; sourceTree = "<group>"; };
		36EBC4A6F3A0C1A101A69874 /* ServiceContainer.h */ = {isa = PBXFileReference; fileEncoding = 4; lastKnownFileType = sourcecode.c.h; path = ServiceContainer.h; sourceTree = "<group>"; };
		36EBC532801DCB58DC640F2C /* Entity.cpp */ = {isa = PBXFileReference; fileEncoding = 4; lastKnownFileType = sourcecode.cpp.cpp; path = Entity.cpp; sourceTree = "<group>"; };
		36EBC6B4777562766596B063 /* EntityManagerInterface.h */ = {isa = PBXFileReference; fileEncoding = 4; lastKnownFileType = sourcecode.c.h; path = EntityManagerInterface.h; sourceTree = "<group>"; };
		36EBC7BF32936A815A069833 /* ServiceContainer.cpp */ = {isa = PBXFileReference; fileEncoding = 4; lastKnownFileType = sourcecode.cpp.cpp; path = ServiceContainer.cpp; sourceTree = "<group>"; };
		36EBC86BEC506B1386777F9C /* EntityManagerException.h */ = {isa = PBXFileReference; fileEncoding = 4; lastKnownFileType = sourcecode.c.h; path = EntityManagerException.h; sourceTree = "<group>"; };
		36EBC892ECB696F61F125E02 /* ComponentInterface.cpp */ = {isa = PBXFileReference; fileEncoding = 4; lastKnownFileType = sourcecode.cpp.cpp; path = ComponentInterface.cpp; sourceTree = "<group>"; };
		36EBC8D599A9C068F8728DA1 /* ServiceInterface.cpp */ = {isa = PBXFileReference; fileEncoding = 4; lastKnownFileType = sourcecode.cpp.cpp; path = ServiceInterface.cpp; sourceTree = "<group>"; };
		36EBCAFE2274E9BFCA7EAF75 /* ComponentSystem.h */ = {isa = PBXFileReference; fileEncoding = 4; lastKnownFileType = sourcecode.c.h; path = ComponentSystem.h; sourceTree = "<group>"; };
		36EBCCAE2ED2AF336CB3B7F8 /* ObjectsHolder.h */ = {isa = PBXFileReference; fileEncoding = 4; lastKnownFileType = sourcecode.c.h; path = ObjectsHolder.h; sourceTree = "<group>"; };
		36EBCE08B395C6B58436E5E1 /* MyFirstProject.pro.user */ = {isa = PBXFileReference; lastKnownFileType = file.user; path = MyFirstProject.pro.user; sourceTree = "<group>"; };
		36EBCE2C76505848506352FD /* DefaultEntityManager.cpp */ = {isa = PBXFileReference; fileEncoding = 4; lastKnownFileType = sourcecode.cpp.cpp; path = DefaultEntityManager.cpp; sourceTree = "<group>"; };
		36EBCECCD9FBE3B1677901DA /* ComponentInterface.h */ = {isa = PBXFileReference; fileEncoding = 4; lastKnownFileType = sourcecode.c.h; path = ComponentInterface.h; sourceTree = "<group>"; };
		36EBCF1770D5839F4EF79A56 /* MyFirstProject.pro */ = {isa = PBXFileReference; lastKnownFileType = file.pro; path = MyFirstProject.pro; sourceTree = "<group>"; };
		CEB82737174F532A00155B03 /* MyFirstProject */ = {isa = PBXFileReference; explicitFileType = "compiled.mach-o.executable"; includeInIndex = 0; path = MyFirstProject; sourceTree = BUILT_PRODUCTS_DIR; };
		CEB8273A174F532A00155B03 /* main.cpp */ = {isa = PBXFileReference; lastKnownFileType = sourcecode.cpp.cpp; path = main.cpp; sourceTree = "<group>"; };
		CEB8273C174F532A00155B03 /* MyFirstProject.1 */ = {isa = PBXFileReference; lastKnownFileType = text.man; path = MyFirstProject.1; sourceTree = "<group>"; };
/* End PBXFileReference section */

/* Begin PBXFrameworksBuildPhase section */
		CEB82734174F532A00155B03 /* Frameworks */ = {
			isa = PBXFrameworksBuildPhase;
			buildActionMask = 2147483647;
			files = (
			);
			runOnlyForDeploymentPostprocessing = 0;
		};
/* End PBXFrameworksBuildPhase section */

/* Begin PBXGroup section */
		CEB8272E174F532A00155B03 = {
			isa = PBXGroup;
			children = (
				CEB82739174F532A00155B03 /* MyFirstProject */,
				CEB82738174F532A00155B03 /* Products */,
			);
			sourceTree = "<group>";
		};
		CEB82738174F532A00155B03 /* Products */ = {
			isa = PBXGroup;
			children = (
				CEB82737174F532A00155B03 /* MyFirstProject */,
			);
			name = Products;
			sourceTree = "<group>";
		};
		CEB82739174F532A00155B03 /* MyFirstProject */ = {
			isa = PBXGroup;
			children = (
				CEB8273A174F532A00155B03 /* main.cpp */,
				CEB8273C174F532A00155B03 /* MyFirstProject.1 */,
				36EBC532801DCB58DC640F2C /* Entity.cpp */,
				36EBC0DEC67622CFF9F96A75 /* Entity.h */,
				36EBC892ECB696F61F125E02 /* ComponentInterface.cpp */,
				36EBCECCD9FBE3B1677901DA /* ComponentInterface.h */,
				36EBC040CC23BA159945F1C9 /* ComponentSystemInterface.cpp */,
				36EBC42D54CD91123C25A8BA /* ComponentSystemInterface.h */,
				36EBC8D599A9C068F8728DA1 /* ServiceInterface.cpp */,
				36EBC29B17E0C8491132A2DE /* ServiceInterface.h */,
				36EBCF1770D5839F4EF79A56 /* MyFirstProject.pro */,
				36EBCE08B395C6B58436E5E1 /* MyFirstProject.pro.user */,
				36EBC7BF32936A815A069833 /* ServiceContainer.cpp */,
				36EBC4A6F3A0C1A101A69874 /* ServiceContainer.h */,
				36EBC1B0204F5839BB1FD189 /* EntityManagerInterface.cpp */,
				36EBC6B4777562766596B063 /* EntityManagerInterface.h */,
				36EBC01AD56E5ECD3451FFA7 /* ComponentSystem.cpp */,
				36EBCAFE2274E9BFCA7EAF75 /* ComponentSystem.h */,
				36EBCE2C76505848506352FD /* DefaultEntityManager.cpp */,
				36EBC2BC632CB02892A7590A /* DefaultEntityManager.h */,
				36EBC090F9EFDA2B88ED48E6 /* EntityManagerException.cpp */,
				36EBC86BEC506B1386777F9C /* EntityManagerException.h */,
				36EBC3A86ED8FA9C95B6CC81 /* TestComponent.cpp */,
				36EBC09C0D09DF5A82C0527B /* TestComponent.h */,
				36EBC35DD157E54440FE2B1C /* ObjectsHolder.cpp */,
				36EBCCAE2ED2AF336CB3B7F8 /* ObjectsHolder.h */,
			);
			path = MyFirstProject;
			sourceTree = "<group>";
		};
/* End PBXGroup section */

/* Begin PBXNativeTarget section */
		CEB82736174F532A00155B03 /* MyFirstProject */ = {
			isa = PBXNativeTarget;
			buildConfigurationList = CEB82740174F532A00155B03 /* Build configuration list for PBXNativeTarget "MyFirstProject" */;
			buildPhases = (
				CEB82733174F532A00155B03 /* Sources */,
				CEB82734174F532A00155B03 /* Frameworks */,
				CEB82735174F532A00155B03 /* CopyFiles */,
			);
			buildRules = (
			);
			dependencies = (
			);
			name = MyFirstProject;
			productName = MyFirstProject;
			productReference = CEB82737174F532A00155B03 /* MyFirstProject */;
			productType = "com.apple.product-type.tool";
		};
/* End PBXNativeTarget section */

/* Begin PBXProject section */
		CEB8272F174F532A00155B03 /* Project object */ = {
			isa = PBXProject;
			attributes = {
				LastUpgradeCheck = 0460;
				ORGANIZATIONNAME = JohnPoison;
			};
			buildConfigurationList = CEB82732174F532A00155B03 /* Build configuration list for PBXProject "MyFirstProject" */;
			compatibilityVersion = "Xcode 3.2";
			developmentRegion = English;
			hasScannedForEncodings = 0;
			knownRegions = (
				en,
			);
			mainGroup = CEB8272E174F532A00155B03;
			productRefGroup = CEB82738174F532A00155B03 /* Products */;
			projectDirPath = "";
			projectRoot = "";
			targets = (
				CEB82736174F532A00155B03 /* MyFirstProject */,
			);
		};
/* End PBXProject section */

/* Begin PBXSourcesBuildPhase section */
		CEB82733174F532A00155B03 /* Sources */ = {
			isa = PBXSourcesBuildPhase;
			buildActionMask = 2147483647;
			files = (
				CEB8273B174F532A00155B03 /* main.cpp in Sources */,
				36EBC9F8198B72F4E6C67667 /* Entity.cpp in Sources */,
				36EBCF81EDA22BE8C7100BF4 /* ComponentInterface.cpp in Sources */,
				36EBCCFB868F0F66E3A158AF /* ComponentSystemInterface.cpp in Sources */,
				36EBC8EF66C00487B30CD9CA /* ServiceInterface.cpp in Sources */,
				36EBC6C41CAF4AE1C6B7D208 /* ServiceContainer.cpp in Sources */,
				36EBC3E223511E8D206A85B2 /* EntityManagerInterface.cpp in Sources */,
				36EBC8D1A1CAAB2EA17CD609 /* ComponentSystem.cpp in Sources */,
				36EBC05917E5488736DAB25A /* DefaultEntityManager.cpp in Sources */,
				36EBC75895C93CF155902698 /* EntityManagerException.cpp in Sources */,
				36EBC164A9AEEE21CE541720 /* TestComponent.cpp in Sources */,
				36EBC433445387852C307C53 /* ObjectsHolder.cpp in Sources */,
			);
			runOnlyForDeploymentPostprocessing = 0;
		};
/* End PBXSourcesBuildPhase section */

/* Begin XCBuildConfiguration section */
		CEB8273E174F532A00155B03 /* Debug */ = {
			isa = XCBuildConfiguration;
			buildSettings = {
				ALWAYS_SEARCH_USER_PATHS = NO;
				ARCHS = "$(ARCHS_STANDARD_64_BIT)";
				CLANG_CXX_LANGUAGE_STANDARD = "gnu++0x";
				CLANG_CXX_LIBRARY = "libc++";
				CLANG_WARN_CONSTANT_CONVERSION = YES;
				CLANG_WARN_EMPTY_BODY = YES;
				CLANG_WARN_ENUM_CONVERSION = YES;
				CLANG_WARN_INT_CONVERSION = YES;
				CLANG_WARN__DUPLICATE_METHOD_MATCH = YES;
				COPY_PHASE_STRIP = NO;
				GCC_C_LANGUAGE_STANDARD = gnu99;
				GCC_DYNAMIC_NO_PIC = NO;
				GCC_ENABLE_OBJC_EXCEPTIONS = YES;
				GCC_OPTIMIZATION_LEVEL = 0;
				GCC_PREPROCESSOR_DEFINITIONS = (
					"DEBUG=1",
					"$(inherited)",
				);
				GCC_SYMBOLS_PRIVATE_EXTERN = NO;
				GCC_WARN_64_TO_32_BIT_CONVERSION = YES;
				GCC_WARN_ABOUT_RETURN_TYPE = YES;
				GCC_WARN_UNINITIALIZED_AUTOS = YES;
				GCC_WARN_UNUSED_VARIABLE = YES;
				MACOSX_DEPLOYMENT_TARGET = 10.8;
				ONLY_ACTIVE_ARCH = YES;
				SDKROOT = macosx;
			};
			name = Debug;
		};
		CEB8273F174F532A00155B03 /* Release */ = {
			isa = XCBuildConfiguration;
			buildSettings = {
				ALWAYS_SEARCH_USER_PATHS = NO;
				ARCHS = "$(ARCHS_STANDARD_64_BIT)";
				CLANG_CXX_LANGUAGE_STANDARD = "gnu++0x";
				CLANG_CXX_LIBRARY = "libc++";
				CLANG_WARN_CONSTANT_CONVERSION = YES;
				CLANG_WARN_EMPTY_BODY = YES;
				CLANG_WARN_ENUM_CONVERSION = YES;
				CLANG_WARN_INT_CONVERSION = YES;
				CLANG_WARN__DUPLICATE_METHOD_MATCH = YES;
				COPY_PHASE_STRIP = YES;
				DEBUG_INFORMATION_FORMAT = "dwarf-with-dsym";
				GCC_C_LANGUAGE_STANDARD = gnu99;
				GCC_ENABLE_OBJC_EXCEPTIONS = YES;
				GCC_WARN_64_TO_32_BIT_CONVERSION = YES;
				GCC_WARN_ABOUT_RETURN_TYPE = YES;
				GCC_WARN_UNINITIALIZED_AUTOS = YES;
				GCC_WARN_UNUSED_VARIABLE = YES;
				MACOSX_DEPLOYMENT_TARGET = 10.8;
				SDKROOT = macosx;
			};
			name = Release;
		};
		CEB82741174F532A00155B03 /* Debug */ = {
			isa = XCBuildConfiguration;
			buildSettings = {
				ALWAYS_SEARCH_USER_PATHS = NO;
				CLANG_CXX_LANGUAGE_STANDARD = "c++0x";
				GCC_C_LANGUAGE_STANDARD = c11;
				HEADER_SEARCH_PATHS = /opt/local/include;
				LIBRARY_SEARCH_PATHS = /opt/local/lib;
				PRODUCT_NAME = "$(TARGET_NAME)";
				USER_HEADER_SEARCH_PATHS = "";
			};
			name = Debug;
		};
		CEB82742174F532A00155B03 /* Release */ = {
			isa = XCBuildConfiguration;
			buildSettings = {
				ALWAYS_SEARCH_USER_PATHS = NO;
				CLANG_CXX_LANGUAGE_STANDARD = "c++0x";
				GCC_C_LANGUAGE_STANDARD = c11;
				HEADER_SEARCH_PATHS = /opt/local/include;
				LIBRARY_SEARCH_PATHS = /opt/local/lib;
				PRODUCT_NAME = "$(TARGET_NAME)";
				USER_HEADER_SEARCH_PATHS = "";
			};
			name = Release;
		};
/* End XCBuildConfiguration section */

/* Begin XCConfigurationList section */
		CEB82732174F532A00155B03 /* Build configuration list for PBXProject "MyFirstProject" */ = {
			isa = XCConfigurationList;
			buildConfigurations = (
				CEB8273E174F532A00155B03 /* Debug */,
				CEB8273F174F532A00155B03 /* Release */,
			);
			defaultConfigurationIsVisible = 0;
			defaultConfigurationName = Release;
		};
		CEB82740174F532A00155B03 /* Build configuration list for PBXNativeTarget "MyFirstProject" */ = {
			isa = XCConfigurationList;
			buildConfigurations = (
				CEB82741174F532A00155B03 /* Debug */,
				CEB82742174F532A00155B03 /* Release */,
			);
			defaultConfigurationIsVisible = 0;
			defaultConfigurationName = Release;
		};
/* End XCConfigurationList section */
	};
	rootObject = CEB8272F174F532A00155B03 /* Project object */;
}
